groups:
- name: zal
  rules:
  - alert: NodeClockNotSynchronising
    annotations:
      message: Clock on {{ $labels.instance }} is not synchronising. Ensure NTP
          is configured on this host.
      summary: Clock not synchronising.
    expr: |
        min_over_time(node_timex_sync_status[5m]) == 0
    for: 10m
    labels:
     severity: warning
